{
  "version": "5",
  "specifiers": {
    "jsr:@aurellis/helpers@^1.2.4": "1.2.4"
  },
  "jsr": {
    "@aurellis/helpers@1.2.4": {
      "integrity": "12d6bcb8fcacb74cce2c356b02f026a337973dbfac57791d4a45799f9994a117"
    }
  },
  "workspace": {
    "dependencies": [
      "jsr:@aurellis/helpers@^1.2.4"
    ]
  }
}
